
Microsoft Visual Studio Solution File, Format Version 12.00
# Visual Studio Version 17
VisualStudioVersion = 17.0.32112.339
MinimumVisualStudioVersion = 10.0.40219.1
Project("{FAE04EC0-301F-11D3-BF4B-00C04F79EFBC}") = "Zhai.PictureView", "Zhai.PictureView.csproj", "{432E2447-BAD5-486F-89BC-8927BE682214}"
EndProject
Global
	GlobalSection(SolutionConfigurationPlatforms) = preSolution
		Debug|Any CPU = Debug|Any CPU
		Release|Any CPU = Release|Any CPU
	EndGlobalSection
	GlobalSection(ProjectConfigurationPlatforms) = postSolution
		{432E2447-BAD5-486F-89BC-8927BE682214}.Debug|Any CPU.ActiveCfg = Debug|Any CPU
		{432E2447-BAD5-486F-89BC-8927BE682214}.Debug|Any CPU.Build.0 = Debug|Any CPU
		{432E2447-BAD5-486F-89BC-8927BE682214}.Release|Any CPU.ActiveCfg = Release|Any CPU
		{432E2447-BAD5-486F-89BC-8927BE682214}.Release|Any CPU.Build.0 = Release|Any CPU
	EndGlobalSection
	GlobalSection(SolutionProperties) = preSolution
		HideSolutionNode = FALSE
	EndGlobalSection
	GlobalSection(ExtensibilityGlobals) = postSolution
		SolutionGuid = {03338EA3-4385-4C31-80A1-9DB13D1D2806}
	EndGlobalSection
EndGlobal
